
Microsoft Visual Studio Solution File, Format Version 12.00
# Visual Studio Version 17
VisualStudioVersion = 17.0.32014.148
MinimumVisualStudioVersion = 10.0.40219.1
Project("{FAE04EC0-301F-11D3-BF4B-00C04F79EFBC}") = "LeFishe", "LeFishe\LeFishe.csproj", "{4496BE9B-8C10-4B01-9FEE-FF2D5F1FD7FB}"
EndProject
Project("{9A19103F-16F7-4668-BE54-9A1E7A4F7556}") = "LeFishe2", "LeFishe2\LeFishe2.csproj", "{A72F0924-4998-4937-AFA0-DC431DFD12DE}"
EndProject
Project("{2150E333-8FDC-42A3-9474-1A3956D46DE8}") = "Solution Items", "Solution Items", "{BDE07801-5E9F-41FD-9F4C-461F675C15E6}"
	ProjectSection(SolutionItems) = preProject
		jokes.txt = jokes.txt
		LICENSE = LICENSE
		meme.jpg = meme.jpg
		README.md = README.md
	EndProjectSection
EndProject
Global
	GlobalSection(SolutionConfigurationPlatforms) = preSolution
		Debug|Any CPU = Debug|Any CPU
		Release|Any CPU = Release|Any CPU
	EndGlobalSection
	GlobalSection(ProjectConfigurationPlatforms) = postSolution
		{4496BE9B-8C10-4B01-9FEE-FF2D5F1FD7FB}.Debug|Any CPU.ActiveCfg = Debug|Any CPU
		{4496BE9B-8C10-4B01-9FEE-FF2D5F1FD7FB}.Debug|Any CPU.Build.0 = Debug|Any CPU
		{4496BE9B-8C10-4B01-9FEE-FF2D5F1FD7FB}.Release|Any CPU.ActiveCfg = Release|Any CPU
		{4496BE9B-8C10-4B01-9FEE-FF2D5F1FD7FB}.Release|Any CPU.Build.0 = Release|Any CPU
		{A72F0924-4998-4937-AFA0-DC431DFD12DE}.Debug|Any CPU.ActiveCfg = Debug|Any CPU
		{A72F0924-4998-4937-AFA0-DC431DFD12DE}.Debug|Any CPU.Build.0 = Debug|Any CPU
		{A72F0924-4998-4937-AFA0-DC431DFD12DE}.Release|Any CPU.ActiveCfg = Release|Any CPU
		{A72F0924-4998-4937-AFA0-DC431DFD12DE}.Release|Any CPU.Build.0 = Release|Any CPU
	EndGlobalSection
	GlobalSection(SolutionProperties) = preSolution
		HideSolutionNode = FALSE
	EndGlobalSection
	GlobalSection(ExtensibilityGlobals) = postSolution
		SolutionGuid = {FF087993-980B-406A-95CC-689A0B5EDF0A}
	EndGlobalSection
EndGlobal
